{
  "name": "console-tetris",
  "version": "1.0.0",
  "lockfileVersion": 2,
  "requires": true,
  "packages": {
    "": {
      "name": "console-tetris",
      "version": "1.0.0",
      "license": "ISC",
      "dependencies": {
        "ttys": "^0.0.3"
      }
    },
    "node_modules/ttys": {
      "version": "0.0.3",
      "resolved": "https://registry.npmjs.org/ttys/-/ttys-0.0.3.tgz",
      "integrity": "sha512-UCqXRZS2S7U4aVB7Salj3ChPRSsb57ogJpJ1eMCvyowxFOBGsaHKcRU8bovcDwajX1mRbv0IpUnYkoG7Ieo5Zg==",
      "engines": {
        "node": ">= 0.6.0"
      }
    }
  },
  "dependencies": {
    "ttys": {
      "version": "0.0.3",
      "resolved": "https://registry.npmjs.org/ttys/-/ttys-0.0.3.tgz",
      "integrity": "sha512-UCqXRZS2S7U4aVB7Salj3ChPRSsb57ogJpJ1eMCvyowxFOBGsaHKcRU8bovcDwajX1mRbv0IpUnYkoG7Ieo5Zg=="
    }
  }
}
