# THIS IS AN AUTOGENERATED FILE. DO NOT EDIT THIS FILE DIRECTLY.
# yarn lockfile v1


ttys@^0.0.3:
  version "0.0.3"
  resolved "https://registry.yarnpkg.com/ttys/-/ttys-0.0.3.tgz#15bacde7831020de5f2f28f01b1732ef03651f4d"
  integrity sha512-UCqXRZS2S7U4aVB7Salj3ChPRSsb57ogJpJ1eMCvyowxFOBGsaHKcRU8bovcDwajX1mRbv0IpUnYkoG7Ieo5Zg==
